// !$*UTF8*$!
{
	archiveVersion = 1;
	classes = {
	};
	objectVersion = 56;
	objects = {

/* Begin PBXBuildFile section */
		746D2DA02C2E4218006F7D6D /* AppDelegate.swift in Sources */ = {isa = PBXBuildFile; fileRef = 746D2D9F2C2E4218006F7D6D /* AppDelegate.swift */; };
		746D2DA22C2E4218006F7D6D /* SceneDelegate.swift in Sources */ = {isa = PBXBuildFile; fileRef = 746D2DA12C2E4218006F7D6D /* SceneDelegate.swift */; };
		746D2DA42C2E4218006F7D6D /* HomeViewController.swift in Sources */ = {isa = PBXBuildFile; fileRef = 746D2DA32C2E4218006F7D6D /* HomeViewController.swift */; };
		746D2DA92C2E4219006F7D6D /* Assets.xcassets in Resources */ = {isa = PBXBuildFile; fileRef = 746D2DA82C2E4219006F7D6D /* Assets.xcassets */; };
		746D2DAC2C2E4219006F7D6D /* LaunchScreen.storyboard in Resources */ = {isa = PBXBuildFile; fileRef = 746D2DAA2C2E4219006F7D6D /* LaunchScreen.storyboard */; };
		746D2DC92C2E4CEE006F7D6D /* Pretendard-Bold.otf in Resources */ = {isa = PBXBuildFile; fileRef = 746D2DC02C2E4CEE006F7D6D /* Pretendard-Bold.otf */; };
		746D2DCA2C2E4CEE006F7D6D /* Pretendard-Regular.otf in Resources */ = {isa = PBXBuildFile; fileRef = 746D2DC12C2E4CEE006F7D6D /* Pretendard-Regular.otf */; };
		746D2DCB2C2E4CEE006F7D6D /* Pretendard-ExtraBold.otf in Resources */ = {isa = PBXBuildFile; fileRef = 746D2DC22C2E4CEE006F7D6D /* Pretendard-ExtraBold.otf */; };
		746D2DCC2C2E4CEE006F7D6D /* Pretendard-ExtraLight.otf in Resources */ = {isa = PBXBuildFile; fileRef = 746D2DC32C2E4CEE006F7D6D /* Pretendard-ExtraLight.otf */; };
		746D2DCD2C2E4CEE006F7D6D /* Pretendard-Thin.otf in Resources */ = {isa = PBXBuildFile; fileRef = 746D2DC42C2E4CEE006F7D6D /* Pretendard-Thin.otf */; };
		746D2DCE2C2E4CEE006F7D6D /* Pretendard-SemiBold.otf in Resources */ = {isa = PBXBuildFile; fileRef = 746D2DC52C2E4CEE006F7D6D /* Pretendard-SemiBold.otf */; };
		746D2DCF2C2E4CEE006F7D6D /* Pretendard-Black.otf in Resources */ = {isa = PBXBuildFile; fileRef = 746D2DC62C2E4CEE006F7D6D /* Pretendard-Black.otf */; };
		746D2DD02C2E4CEE006F7D6D /* Pretendard-Medium.otf in Resources */ = {isa = PBXBuildFile; fileRef = 746D2DC72C2E4CEE006F7D6D /* Pretendard-Medium.otf */; };
		746D2DD12C2E4CEE006F7D6D /* Pretendard-Light.otf in Resources */ = {isa = PBXBuildFile; fileRef = 746D2DC82C2E4CEE006F7D6D /* Pretendard-Light.otf */; };
/* End PBXBuildFile section */

/* Begin PBXFileReference section */
		746D2D9C2C2E4218006F7D6D /* Carding.app */ = {isa = PBXFileReference; explicitFileType = wrapper.application; includeInIndex = 0; path = Carding.app; sourceTree = BUILT_PRODUCTS_DIR; };
		746D2D9F2C2E4218006F7D6D /* AppDelegate.swift */ = {isa = PBXFileReference; lastKnownFileType = sourcecode.swift; path = AppDelegate.swift; sourceTree = "<group>"; };
		746D2DA12C2E4218006F7D6D /* SceneDelegate.swift */ = {isa = PBXFileReference; lastKnownFileType = sourcecode.swift; path = SceneDelegate.swift; sourceTree = "<group>"; };
		746D2DA32C2E4218006F7D6D /* HomeViewController.swift */ = {isa = PBXFileReference; lastKnownFileType = sourcecode.swift; path = HomeViewController.swift; sourceTree = "<group>"; };
		746D2DA82C2E4219006F7D6D /* Assets.xcassets */ = {isa = PBXFileReference; lastKnownFileType = folder.assetcatalog; path = Assets.xcassets; sourceTree = "<group>"; };
		746D2DAB2C2E4219006F7D6D /* Base */ = {isa = PBXFileReference; lastKnownFileType = file.storyboard; name = Base; path = Base.lproj/LaunchScreen.storyboard; sourceTree = "<group>"; };
		746D2DAD2C2E4219006F7D6D /* Info.plist */ = {isa = PBXFileReference; lastKnownFileType = text.plist.xml; path = Info.plist; sourceTree = "<group>"; };
		746D2DC02C2E4CEE006F7D6D /* Pretendard-Bold.otf */ = {isa = PBXFileReference; lastKnownFileType = file; name = "Pretendard-Bold.otf"; path = "../../../../../../Downloads/Pretendard-1/public/static/Pretendard-Bold.otf"; sourceTree = "<group>"; };
		746D2DC12C2E4CEE006F7D6D /* Pretendard-Regular.otf */ = {isa = PBXFileReference; lastKnownFileType = file; name = "Pretendard-Regular.otf"; path = "../../../../../../Downloads/Pretendard-1/public/static/Pretendard-Regular.otf"; sourceTree = "<group>"; };
		746D2DC22C2E4CEE006F7D6D /* Pretendard-ExtraBold.otf */ = {isa = PBXFileReference; lastKnownFileType = file; name = "Pretendard-ExtraBold.otf"; path = "../../../../../../Downloads/Pretendard-1/public/static/Pretendard-ExtraBold.otf"; sourceTree = "<group>"; };
		746D2DC32C2E4CEE006F7D6D /* Pretendard-ExtraLight.otf */ = {isa = PBXFileReference; lastKnownFileType = file; name = "Pretendard-ExtraLight.otf"; path = "../../../../../../Downloads/Pretendard-1/public/static/Pretendard-ExtraLight.otf"; sourceTree = "<group>"; };
		746D2DC42C2E4CEE006F7D6D /* Pretendard-Thin.otf */ = {isa = PBXFileReference; lastKnownFileType = file; name = "Pretendard-Thin.otf"; path = "../../../../../../Downloads/Pretendard-1/public/static/Pretendard-Thin.otf"; sourceTree = "<group>"; };
		746D2DC52C2E4CEE006F7D6D /* Pretendard-SemiBold.otf */ = {isa = PBXFileReference; lastKnownFileType = file; name = "Pretendard-SemiBold.otf"; path = "../../../../../../Downloads/Pretendard-1/public/static/Pretendard-SemiBold.otf"; sourceTree = "<group>"; };
		746D2DC62C2E4CEE006F7D6D /* Pretendard-Black.otf */ = {isa = PBXFileReference; lastKnownFileType = file; name = "Pretendard-Black.otf"; path = "../../../../../../Downloads/Pretendard-1/public/static/Pretendard-Black.otf"; sourceTree = "<group>"; };
		746D2DC72C2E4CEE006F7D6D /* Pretendard-Medium.otf */ = {isa = PBXFileReference; lastKnownFileType = file; name = "Pretendard-Medium.otf"; path = "../../../../../../Downloads/Pretendard-1/public/static/Pretendard-Medium.otf"; sourceTree = "<group>"; };
		746D2DC82C2E4CEE006F7D6D /* Pretendard-Light.otf */ = {isa = PBXFileReference; lastKnownFileType = file; name = "Pretendard-Light.otf"; path = "../../../../../../Downloads/Pretendard-1/public/static/Pretendard-Light.otf"; sourceTree = "<group>"; };
/* End PBXFileReference section */

/* Begin PBXFrameworksBuildPhase section */
		746D2D992C2E4218006F7D6D /* Frameworks */ = {
			isa = PBXFrameworksBuildPhase;
			buildActionMask = 2147483647;
			files = (
			);
			runOnlyForDeploymentPostprocessing = 0;
		};
/* End PBXFrameworksBuildPhase section */

/* Begin PBXGroup section */
		746D2D932C2E4218006F7D6D = {
			isa = PBXGroup;
			children = (
				746D2D9E2C2E4218006F7D6D /* Carding */,
				746D2D9D2C2E4218006F7D6D /* Products */,
			);
			sourceTree = "<group>";
		};
		746D2D9D2C2E4218006F7D6D /* Products */ = {
			isa = PBXGroup;
			children = (
				746D2D9C2C2E4218006F7D6D /* Carding.app */,
			);
			name = Products;
			sourceTree = "<group>";
		};
		746D2D9E2C2E4218006F7D6D /* Carding */ = {
			isa = PBXGroup;
			children = (
				746D2D9F2C2E4218006F7D6D /* AppDelegate.swift */,
				746D2DA12C2E4218006F7D6D /* SceneDelegate.swift */,
				746D2DB42C2E47B3006F7D6D /* Global */,
				746D2DB32C2E479E006F7D6D /* Home */,
				746D2DAA2C2E4219006F7D6D /* LaunchScreen.storyboard */,
			);
			path = Carding;
			sourceTree = "<group>";
		};
		746D2DB32C2E479E006F7D6D /* Home */ = {
			isa = PBXGroup;
			children = (
				746D2DBE2C2E4BEA006F7D6D /* Domain */,
				746D2DB82C2E4AA1006F7D6D /* UI */,
				746D2DB72C2E4A8C006F7D6D /* Presentation */,
			);
			path = Home;
			sourceTree = "<group>";
		};
		746D2DB42C2E47B3006F7D6D /* Global */ = {
			isa = PBXGroup;
			children = (
				746D2DBC2C2E4B6F006F7D6D /* Extensions */,
				746D2DB62C2E487D006F7D6D /* Settings */,
				746D2DB52C2E4866006F7D6D /* Resources */,
			);
			path = Global;
			sourceTree = "<group>";
		};
		746D2DB52C2E4866006F7D6D /* Resources */ = {
			isa = PBXGroup;
			children = (
				746D2DA82C2E4219006F7D6D /* Assets.xcassets */,
			);
			path = Resources;
			sourceTree = "<group>";
		};
		746D2DB62C2E487D006F7D6D /* Settings */ = {
			isa = PBXGroup;
			children = (
				746D2DBF2C2E4CA5006F7D6D /* Fonts */,
				746D2DAD2C2E4219006F7D6D /* Info.plist */,
			);
			path = Settings;
			sourceTree = "<group>";
		};
		746D2DB72C2E4A8C006F7D6D /* Presentation */ = {
			isa = PBXGroup;
			children = (
			);
			path = Presentation;
			sourceTree = "<group>";
		};
		746D2DB82C2E4AA1006F7D6D /* UI */ = {
			isa = PBXGroup;
			children = (
				746D2DA32C2E4218006F7D6D /* HomeViewController.swift */,
			);
			path = UI;
			sourceTree = "<group>";
		};
		746D2DBC2C2E4B6F006F7D6D /* Extensions */ = {
			isa = PBXGroup;
			children = (
			);
			path = Extensions;
			sourceTree = "<group>";
		};
		746D2DBE2C2E4BEA006F7D6D /* Domain */ = {
			isa = PBXGroup;
			children = (
			);
			path = Domain;
			sourceTree = "<group>";
		};
		746D2DBF2C2E4CA5006F7D6D /* Fonts */ = {
			isa = PBXGroup;
			children = (
				746D2DC62C2E4CEE006F7D6D /* Pretendard-Black.otf */,
				746D2DC02C2E4CEE006F7D6D /* Pretendard-Bold.otf */,
				746D2DC22C2E4CEE006F7D6D /* Pretendard-ExtraBold.otf */,
				746D2DC32C2E4CEE006F7D6D /* Pretendard-ExtraLight.otf */,
				746D2DC82C2E4CEE006F7D6D /* Pretendard-Light.otf */,
				746D2DC72C2E4CEE006F7D6D /* Pretendard-Medium.otf */,
				746D2DC12C2E4CEE006F7D6D /* Pretendard-Regular.otf */,
				746D2DC52C2E4CEE006F7D6D /* Pretendard-SemiBold.otf */,
				746D2DC42C2E4CEE006F7D6D /* Pretendard-Thin.otf */,
			);
			path = Fonts;
			sourceTree = "<group>";
		};
/* End PBXGroup section */

/* Begin PBXNativeTarget section */
		746D2D9B2C2E4218006F7D6D /* Carding */ = {
			isa = PBXNativeTarget;
			buildConfigurationList = 746D2DB02C2E4219006F7D6D /* Build configuration list for PBXNativeTarget "Carding" */;
			buildPhases = (
				746D2D982C2E4218006F7D6D /* Sources */,
				746D2D992C2E4218006F7D6D /* Frameworks */,
				746D2D9A2C2E4218006F7D6D /* Resources */,
			);
			buildRules = (
			);
			dependencies = (
			);
			name = Carding;
			productName = Carding;
			productReference = 746D2D9C2C2E4218006F7D6D /* Carding.app */;
			productType = "com.apple.product-type.application";
		};
/* End PBXNativeTarget section */

/* Begin PBXProject section */
		746D2D942C2E4218006F7D6D /* Project object */ = {
			isa = PBXProject;
			attributes = {
				BuildIndependentTargetsInParallel = 1;
				LastSwiftUpdateCheck = 1520;
				LastUpgradeCheck = 1520;
				TargetAttributes = {
					746D2D9B2C2E4218006F7D6D = {
						CreatedOnToolsVersion = 15.2;
					};
				};
			};
			buildConfigurationList = 746D2D972C2E4218006F7D6D /* Build configuration list for PBXProject "Carding" */;
			compatibilityVersion = "Xcode 14.0";
			developmentRegion = en;
			hasScannedForEncodings = 0;
			knownRegions = (
				en,
				Base,
			);
			mainGroup = 746D2D932C2E4218006F7D6D;
			productRefGroup = 746D2D9D2C2E4218006F7D6D /* Products */;
			projectDirPath = "";
			projectRoot = "";
			targets = (
				746D2D9B2C2E4218006F7D6D /* Carding */,
			);
		};
/* End PBXProject section */

/* Begin PBXResourcesBuildPhase section */
		746D2D9A2C2E4218006F7D6D /* Resources */ = {
			isa = PBXResourcesBuildPhase;
			buildActionMask = 2147483647;
			files = (
				746D2DCC2C2E4CEE006F7D6D /* Pretendard-ExtraLight.otf in Resources */,
				746D2DD02C2E4CEE006F7D6D /* Pretendard-Medium.otf in Resources */,
				746D2DAC2C2E4219006F7D6D /* LaunchScreen.storyboard in Resources */,
				746D2DCD2C2E4CEE006F7D6D /* Pretendard-Thin.otf in Resources */,
				746D2DCE2C2E4CEE006F7D6D /* Pretendard-SemiBold.otf in Resources */,
				746D2DD12C2E4CEE006F7D6D /* Pretendard-Light.otf in Resources */,
				746D2DCF2C2E4CEE006F7D6D /* Pretendard-Black.otf in Resources */,
				746D2DCA2C2E4CEE006F7D6D /* Pretendard-Regular.otf in Resources */,
				746D2DCB2C2E4CEE006F7D6D /* Pretendard-ExtraBold.otf in Resources */,
				746D2DC92C2E4CEE006F7D6D /* Pretendard-Bold.otf in Resources */,
				746D2DA92C2E4219006F7D6D /* Assets.xcassets in Resources */,
			);
			runOnlyForDeploymentPostprocessing = 0;
		};
/* End PBXResourcesBuildPhase section */

/* Begin PBXSourcesBuildPhase section */
		746D2D982C2E4218006F7D6D /* Sources */ = {
			isa = PBXSourcesBuildPhase;
			buildActionMask = 2147483647;
			files = (
				746D2DA42C2E4218006F7D6D /* HomeViewController.swift in Sources */,
				746D2DA02C2E4218006F7D6D /* AppDelegate.swift in Sources */,
				746D2DA22C2E4218006F7D6D /* SceneDelegate.swift in Sources */,
			);
			runOnlyForDeploymentPostprocessing = 0;
		};
/* End PBXSourcesBuildPhase section */

/* Begin PBXVariantGroup section */
		746D2DAA2C2E4219006F7D6D /* LaunchScreen.storyboard */ = {
			isa = PBXVariantGroup;
			children = (
				746D2DAB2C2E4219006F7D6D /* Base */,
			);
			name = LaunchScreen.storyboard;
			sourceTree = "<group>";
		};
/* End PBXVariantGroup section */

/* Begin XCBuildConfiguration section */
		746D2DAE2C2E4219006F7D6D /* Debug */ = {
			isa = XCBuildConfiguration;
			buildSettings = {
				ALWAYS_SEARCH_USER_PATHS = NO;
				ASSETCATALOG_COMPILER_GENERATE_SWIFT_ASSET_SYMBOL_EXTENSIONS = YES;
				CLANG_ANALYZER_NONNULL = YES;
				CLANG_ANALYZER_NUMBER_OBJECT_CONVERSION = YES_AGGRESSIVE;
				CLANG_CXX_LANGUAGE_STANDARD = "gnu++20";
				CLANG_ENABLE_MODULES = YES;
				CLANG_ENABLE_OBJC_ARC = YES;
				CLANG_ENABLE_OBJC_WEAK = YES;
				CLANG_WARN_BLOCK_CAPTURE_AUTORELEASING = YES;
				CLANG_WARN_BOOL_CONVERSION = YES;
				CLANG_WARN_COMMA = YES;
				CLANG_WARN_CONSTANT_CONVERSION = YES;
				CLANG_WARN_DEPRECATED_OBJC_IMPLEMENTATIONS = YES;
				CLANG_WARN_DIRECT_OBJC_ISA_USAGE = YES_ERROR;
				CLANG_WARN_DOCUMENTATION_COMMENTS = YES;
				CLANG_WARN_EMPTY_BODY = YES;
				CLANG_WARN_ENUM_CONVERSION = YES;
				CLANG_WARN_INFINITE_RECURSION = YES;
				CLANG_WARN_INT_CONVERSION = YES;
				CLANG_WARN_NON_LITERAL_NULL_CONVERSION = YES;
				CLANG_WARN_OBJC_IMPLICIT_RETAIN_SELF = YES;
				CLANG_WARN_OBJC_LITERAL_CONVERSION = YES;
				CLANG_WARN_OBJC_ROOT_CLASS = YES_ERROR;
				CLANG_WARN_QUOTED_INCLUDE_IN_FRAMEWORK_HEADER = YES;
				CLANG_WARN_RANGE_LOOP_ANALYSIS = YES;
				CLANG_WARN_STRICT_PROTOTYPES = YES;
				CLANG_WARN_SUSPICIOUS_MOVE = YES;
				CLANG_WARN_UNGUARDED_AVAILABILITY = YES_AGGRESSIVE;
				CLANG_WARN_UNREACHABLE_CODE = YES;
				CLANG_WARN__DUPLICATE_METHOD_MATCH = YES;
				COPY_PHASE_STRIP = NO;
				DEBUG_INFORMATION_FORMAT = dwarf;
				ENABLE_STRICT_OBJC_MSGSEND = YES;
				ENABLE_TESTABILITY = YES;
				ENABLE_USER_SCRIPT_SANDBOXING = YES;
				GCC_C_LANGUAGE_STANDARD = gnu17;
				GCC_DYNAMIC_NO_PIC = NO;
				GCC_NO_COMMON_BLOCKS = YES;
				GCC_OPTIMIZATION_LEVEL = 0;
				GCC_PREPROCESSOR_DEFINITIONS = (
					"DEBUG=1",
					"$(inherited)",
				);
				GCC_WARN_64_TO_32_BIT_CONVERSION = YES;
				GCC_WARN_ABOUT_RETURN_TYPE = YES_ERROR;
				GCC_WARN_UNDECLARED_SELECTOR = YES;
				GCC_WARN_UNINITIALIZED_AUTOS = YES_AGGRESSIVE;
				GCC_WARN_UNUSED_FUNCTION = YES;
				GCC_WARN_UNUSED_VARIABLE = YES;
				IPHONEOS_DEPLOYMENT_TARGET = 17.2;
				LOCALIZATION_PREFERS_STRING_CATALOGS = YES;
				MTL_ENABLE_DEBUG_INFO = INCLUDE_SOURCE;
				MTL_FAST_MATH = YES;
				ONLY_ACTIVE_ARCH = YES;
				SDKROOT = iphoneos;
				SWIFT_ACTIVE_COMPILATION_CONDITIONS = "DEBUG $(inherited)";
				SWIFT_OPTIMIZATION_LEVEL = "-Onone";
			};
			name = Debug;
		};
		746D2DAF2C2E4219006F7D6D /* Release */ = {
			isa = XCBuildConfiguration;
			buildSettings = {
				ALWAYS_SEARCH_USER_PATHS = NO;
				ASSETCATALOG_COMPILER_GENERATE_SWIFT_ASSET_SYMBOL_EXTENSIONS = YES;
				CLANG_ANALYZER_NONNULL = YES;
				CLANG_ANALYZER_NUMBER_OBJECT_CONVERSION = YES_AGGRESSIVE;
				CLANG_CXX_LANGUAGE_STANDARD = "gnu++20";
				CLANG_ENABLE_MODULES = YES;
				CLANG_ENABLE_OBJC_ARC = YES;
				CLANG_ENABLE_OBJC_WEAK = YES;
				CLANG_WARN_BLOCK_CAPTURE_AUTORELEASING = YES;
				CLANG_WARN_BOOL_CONVERSION = YES;
				CLANG_WARN_COMMA = YES;
				CLANG_WARN_CONSTANT_CONVERSION = YES;
				CLANG_WARN_DEPRECATED_OBJC_IMPLEMENTATIONS = YES;
				CLANG_WARN_DIRECT_OBJC_ISA_USAGE = YES_ERROR;
				CLANG_WARN_DOCUMENTATION_COMMENTS = YES;
				CLANG_WARN_EMPTY_BODY = YES;
				CLANG_WARN_ENUM_CONVERSION = YES;
				CLANG_WARN_INFINITE_RECURSION = YES;
				CLANG_WARN_INT_CONVERSION = YES;
				CLANG_WARN_NON_LITERAL_NULL_CONVERSION = YES;
				CLANG_WARN_OBJC_IMPLICIT_RETAIN_SELF = YES;
				CLANG_WARN_OBJC_LITERAL_CONVERSION = YES;
				CLANG_WARN_OBJC_ROOT_CLASS = YES_ERROR;
				CLANG_WARN_QUOTED_INCLUDE_IN_FRAMEWORK_HEADER = YES;
				CLANG_WARN_RANGE_LOOP_ANALYSIS = YES;
				CLANG_WARN_STRICT_PROTOTYPES = YES;
				CLANG_WARN_SUSPICIOUS_MOVE = YES;
				CLANG_WARN_UNGUARDED_AVAILABILITY = YES_AGGRESSIVE;
				CLANG_WARN_UNREACHABLE_CODE = YES;
				CLANG_WARN__DUPLICATE_METHOD_MATCH = YES;
				COPY_PHASE_STRIP = NO;
				DEBUG_INFORMATION_FORMAT = "dwarf-with-dsym";
				ENABLE_NS_ASSERTIONS = NO;
				ENABLE_STRICT_OBJC_MSGSEND = YES;
				ENABLE_USER_SCRIPT_SANDBOXING = YES;
				GCC_C_LANGUAGE_STANDARD = gnu17;
				GCC_NO_COMMON_BLOCKS = YES;
				GCC_WARN_64_TO_32_BIT_CONVERSION = YES;
				GCC_WARN_ABOUT_RETURN_TYPE = YES_ERROR;
				GCC_WARN_UNDECLARED_SELECTOR = YES;
				GCC_WARN_UNINITIALIZED_AUTOS = YES_AGGRESSIVE;
				GCC_WARN_UNUSED_FUNCTION = YES;
				GCC_WARN_UNUSED_VARIABLE = YES;
				IPHONEOS_DEPLOYMENT_TARGET = 17.2;
				LOCALIZATION_PREFERS_STRING_CATALOGS = YES;
				MTL_ENABLE_DEBUG_INFO = NO;
				MTL_FAST_MATH = YES;
				SDKROOT = iphoneos;
				SWIFT_COMPILATION_MODE = wholemodule;
				VALIDATE_PRODUCT = YES;
			};
			name = Release;
		};
		746D2DB12C2E4219006F7D6D /* Debug */ = {
			isa = XCBuildConfiguration;
			buildSettings = {
				ASSETCATALOG_COMPILER_APPICON_NAME = AppIcon;
				ASSETCATALOG_COMPILER_GLOBAL_ACCENT_COLOR_NAME = AccentColor;
				CODE_SIGN_STYLE = Automatic;
				CURRENT_PROJECT_VERSION = 1;
				DEVELOPMENT_TEAM = H4NCX3RT8V;
				GENERATE_INFOPLIST_FILE = YES;
				INFOPLIST_FILE = Carding/Global/Settings/Info.plist;
				INFOPLIST_KEY_UIApplicationSupportsIndirectInputEvents = YES;
				INFOPLIST_KEY_UILaunchStoryboardName = LaunchScreen;
				INFOPLIST_KEY_UISupportedInterfaceOrientations_iPad = "UIInterfaceOrientationPortrait UIInterfaceOrientationPortraitUpsideDown UIInterfaceOrientationLandscapeLeft UIInterfaceOrientationLandscapeRight";
				INFOPLIST_KEY_UISupportedInterfaceOrientations_iPhone = "UIInterfaceOrientationPortrait UIInterfaceOrientationLandscapeLeft UIInterfaceOrientationLandscapeRight";
				LD_RUNPATH_SEARCH_PATHS = (
					"$(inherited)",
					"@executable_path/Frameworks",
				);
				MARKETING_VERSION = 1.0;
				PRODUCT_BUNDLE_IDENTIFIER = com.cirtuare.Carding;
				PRODUCT_NAME = "$(TARGET_NAME)";
				SWIFT_EMIT_LOC_STRINGS = YES;
				SWIFT_VERSION = 5.0;
				TARGETED_DEVICE_FAMILY = "1,2";
			};
			name = Debug;
		};
		746D2DB22C2E4219006F7D6D /* Release */ = {
			isa = XCBuildConfiguration;
			buildSettings = {
				ASSETCATALOG_COMPILER_APPICON_NAME = AppIcon;
				ASSETCATALOG_COMPILER_GLOBAL_ACCENT_COLOR_NAME = AccentColor;
				CODE_SIGN_STYLE = Automatic;
				CURRENT_PROJECT_VERSION = 1;
				DEVELOPMENT_TEAM = H4NCX3RT8V;
				GENERATE_INFOPLIST_FILE = YES;
				INFOPLIST_FILE = Carding/Global/Settings/Info.plist;
				INFOPLIST_KEY_UIApplicationSupportsIndirectInputEvents = YES;
				INFOPLIST_KEY_UILaunchStoryboardName = LaunchScreen;
				INFOPLIST_KEY_UISupportedInterfaceOrientations_iPad = "UIInterfaceOrientationPortrait UIInterfaceOrientationPortraitUpsideDown UIInterfaceOrientationLandscapeLeft UIInterfaceOrientationLandscapeRight";
				INFOPLIST_KEY_UISupportedInterfaceOrientations_iPhone = "UIInterfaceOrientationPortrait UIInterfaceOrientationLandscapeLeft UIInterfaceOrientationLandscapeRight";
				LD_RUNPATH_SEARCH_PATHS = (
					"$(inherited)",
					"@executable_path/Frameworks",
				);
				MARKETING_VERSION = 1.0;
				PRODUCT_BUNDLE_IDENTIFIER = com.cirtuare.Carding;
				PRODUCT_NAME = "$(TARGET_NAME)";
				SWIFT_EMIT_LOC_STRINGS = YES;
				SWIFT_VERSION = 5.0;
				TARGETED_DEVICE_FAMILY = "1,2";
			};
			name = Release;
		};
/* End XCBuildConfiguration section */

/* Begin XCConfigurationList section */
		746D2D972C2E4218006F7D6D /* Build configuration list for PBXProject "Carding" */ = {
			isa = XCConfigurationList;
			buildConfigurations = (
				746D2DAE2C2E4219006F7D6D /* Debug */,
				746D2DAF2C2E4219006F7D6D /* Release */,
			);
			defaultConfigurationIsVisible = 0;
			defaultConfigurationName = Release;
		};
		746D2DB02C2E4219006F7D6D /* Build configuration list for PBXNativeTarget "Carding" */ = {
			isa = XCConfigurationList;
			buildConfigurations = (
				746D2DB12C2E4219006F7D6D /* Debug */,
				746D2DB22C2E4219006F7D6D /* Release */,
			);
			defaultConfigurationIsVisible = 0;
			defaultConfigurationName = Release;
		};
/* End XCConfigurationList section */
	};
	rootObject = 746D2D942C2E4218006F7D6D /* Project object */;
}
